# This file is automatically @generated by Poetry 1.7.1 and should not be changed by hand.

[[package]]
name = "levenshtein"
version = "0.27.1"
description = "Python extension for computing string edit distances and similarities."
optional = false
python-versions = ">=3.9"
files = [
    {file = "levenshtein-0.27.1-cp310-cp310-macosx_10_9_x86_64.whl", hash = "sha256:13d6f617cb6fe63714c4794861cfaacd398db58a292f930edb7f12aad931dace"},
    {file = "levenshtein-0.27.1-cp310-cp310-macosx_11_0_arm64.whl", hash = "sha256:ca9d54d41075e130c390e61360bec80f116b62d6ae973aec502e77e921e95334"},
    {file = "levenshtein-0.27.1-cp310-cp310-manylinux_2_17_aarch64.manylinux2014_aarch64.whl", hash = "sha256:2de1f822b5c9a20d10411f779dfd7181ce3407261436f8470008a98276a9d07f"},
    {file = "levenshtein-0.27.1-cp310-cp310-manylinux_2_17_ppc64le.manylinux2014_ppc64le.whl", hash = "sha256:81270392c2e45d1a7e1b3047c3a272d5e28bb4f1eff0137637980064948929b7"},
    {file = "levenshtein-0.27.1-cp310-cp310-manylinux_2_17_s390x.manylinux2014_s390x.whl", hash = "sha256:2d30c3ea23a94dddd56dbe323e1fa8a29ceb24da18e2daa8d0abf78b269a5ad1"},
    {file = "levenshtein-0.27.1-cp310-cp310-manylinux_2_17_x86_64.manylinux2014_x86_64.whl", hash = "sha256:0f3e0bea76695b9045bbf9ad5f67ad4cc01c11f783368f34760e068f19b6a6bc"},
    {file = "levenshtein-0.27.1-cp310-cp310-manylinux_2_5_i686.manylinux1_i686.manylinux_2_17_i686.manylinux2014_i686.whl", hash = "sha256:cdd190e468a68c31a5943368a5eaf4e130256a8707886d23ab5906a0cb98a43c"},
    {file = "levenshtein-0.27.1-cp310-cp310-musllinux_1_2_aarch64.whl", hash = "sha256:7c3121314bb4b676c011c33f6a0ebb462cfdcf378ff383e6f9e4cca5618d0ba7"},
    {file = "levenshtein-0.27.1-cp310-cp310-musllinux_1_2_i686.whl", hash = "sha256:f8ef378c873efcc5e978026b69b45342d841cd7a2f273447324f1c687cc4dc37"},
    {file = "levenshtein-0.27.1-cp310-cp310-musllinux_1_2_ppc64le.whl", hash = "sha256:ff18d78c5c16bea20876425e1bf5af56c25918fb01bc0f2532db1317d4c0e157"},
    {file = "levenshtein-0.27.1-cp310-cp310-musllinux_1_2_s390x.whl", hash = "sha256:13412ff805afbfe619d070280d1a76eb4198c60c5445cd5478bd4c7055bb3d51"},
    {file = "levenshtein-0.27.1-cp310-cp310-musllinux_1_2_x86_64.whl", hash = "sha256:a2adb9f263557f7fb13e19eb2f34595d86929a44c250b2fca6e9b65971e51e20"},
    {file = "levenshtein-0.27.1-cp310-cp310-win32.whl", hash = "sha256:6278a33d2e0e909d8829b5a72191419c86dd3bb45b82399c7efc53dabe870c35"},
    {file = "levenshtein-0.27.1-cp310-cp310-win_amd64.whl", hash = "sha256:5b602b8428ee5dc88432a55c5303a739ee2be7c15175bd67c29476a9d942f48e"},
    {file = "levenshtein-0.27.1-cp310-cp310-win_arm64.whl", hash = "sha256:48334081fddaa0c259ba01ee898640a2cf8ede62e5f7e25fefece1c64d34837f"},
    {file = "levenshtein-0.27.1-cp311-cp311-macosx_10_9_x86_64.whl", hash = "sha256:2e6f1760108319a108dceb2f02bc7cdb78807ad1f9c673c95eaa1d0fe5dfcaae"},
    {file = "levenshtein-0.27.1-cp311-cp311-macosx_11_0_arm64.whl", hash = "sha256:c4ed8400d94ab348099395e050b8ed9dd6a5d6b5b9e75e78b2b3d0b5f5b10f38"},
    {file = "levenshtein-0.27.1-cp311-cp311-manylinux_2_17_aarch64.manylinux2014_aarch64.whl", hash = "sha256:7826efe51be8ff58bc44a633e022fdd4b9fc07396375a6dbc4945a3bffc7bf8f"},
    {file = "levenshtein-0.27.1-cp311-cp311-manylinux_2_17_ppc64le.manylinux2014_ppc64le.whl", hash = "sha256:ff5afb78719659d353055863c7cb31599fbea6865c0890b2d840ee40214b3ddb"},
    {file = "levenshtein-0.27.1-cp311-cp311-manylinux_2_17_s390x.manylinux2014_s390x.whl", hash = "sha256:201dafd5c004cd52018560cf3213da799534d130cf0e4db839b51f3f06771de0"},
    {file = "levenshtein-0.27.1-cp311-cp311-manylinux_2_17_x86_64.manylinux2014_x86_64.whl", hash = "sha256:e5ddd59f3cfaec216811ee67544779d9e2d6ed33f79337492a248245d6379e3d"},
    {file = "levenshtein-0.27.1-cp311-cp311-manylinux_2_5_i686.manylinux1_i686.manylinux_2_17_i686.manylinux2014_i686.whl", hash = "sha256:6afc241d27ecf5b921063b796812c55b0115423ca6fa4827aa4b1581643d0a65"},
    {file = "levenshtein-0.27.1-cp311-cp311-musllinux_1_2_aarch64.whl", hash = "sha256:ee2e766277cceb8ca9e584ea03b8dc064449ba588d3e24c1923e4b07576db574"},
    {file = "levenshtein-0.27.1-cp311-cp311-musllinux_1_2_i686.whl", hash = "sha256:920b23d6109453913ce78ec451bc402ff19d020ee8be4722e9d11192ec2fac6f"},
    {file = "levenshtein-0.27.1-cp311-cp311-musllinux_1_2_ppc64le.whl", hash = "sha256:560d7edba126e2eea3ac3f2f12e7bd8bc9c6904089d12b5b23b6dfa98810b209"},
    {file = "levenshtein-0.27.1-cp311-cp311-musllinux_1_2_s390x.whl", hash = "sha256:8d5362b6c7aa4896dc0cb1e7470a4ad3c06124e0af055dda30d81d3c5549346b"},
    {file = "levenshtein-0.27.1-cp311-cp311-musllinux_1_2_x86_64.whl", hash = "sha256:65ba880815b0f80a80a293aeebac0fab8069d03ad2d6f967a886063458f9d7a1"},
    {file = "levenshtein-0.27.1-cp311-cp311-win32.whl", hash = "sha256:fcc08effe77fec0bc5b0f6f10ff20b9802b961c4a69047b5499f383119ddbe24"},
    {file = "levenshtein-0.27.1-cp311-cp311-win_amd64.whl", hash = "sha256:0ed402d8902be7df212ac598fc189f9b2d520817fdbc6a05e2ce44f7f3ef6857"},
    {file = "levenshtein-0.27.1-cp311-cp311-win_arm64.whl", hash = "sha256:7fdaab29af81a8eb981043737f42450efca64b9761ca29385487b29c506da5b5"},
    {file = "levenshtein-0.27.1-cp312-cp312-macosx_10_13_x86_64.whl", hash = "sha256:25fb540d8c55d1dc7bdc59b7de518ea5ed9df92eb2077e74bcb9bb6de7b06f69"},
    {file = "levenshtein-0.27.1-cp312-cp312-macosx_11_0_arm64.whl", hash = "sha256:f09cfab6387e9c908c7b37961c045e8e10eb9b7ec4a700367f8e080ee803a562"},
    {file = "levenshtein-0.27.1-cp312-cp312-manylinux_2_17_aarch64.manylinux2014_aarch64.whl", hash = "sha256:dafa29c0e616f322b574e0b2aeb5b1ff2f8d9a1a6550f22321f3bd9bb81036e3"},
    {file = "levenshtein-0.27.1-cp312-cp312-manylinux_2_17_ppc64le.manylinux2014_ppc64le.whl", hash = "sha256:be7a7642ea64392fa1e6ef7968c2e50ef2152c60948f95d0793361ed97cf8a6f"},
    {file = "levenshtein-0.27.1-cp312-cp312-manylinux_2_17_s390x.manylinux2014_s390x.whl", hash = "sha256:060b48c45ed54bcea9582ce79c6365b20a1a7473767e0b3d6be712fa3a22929c"},
    {file = "levenshtein-0.27.1-cp312-cp312-manylinux_2_17_x86_64.manylinux2014_x86_64.whl", hash = "sha256:712f562c5e64dd0398d3570fe99f8fbb88acec7cc431f101cb66c9d22d74c542"},
    {file = "levenshtein-0.27.1-cp312-cp312-manylinux_2_5_i686.manylinux1_i686.manylinux_2_17_i686.manylinux2014_i686.whl", hash = "sha256:a6141ad65cab49aa4527a3342d76c30c48adb2393b6cdfeca65caae8d25cb4b8"},
    {file = "levenshtein-0.27.1-cp312-cp312-musllinux_1_2_aarch64.whl", hash = "sha256:799b8d73cda3265331116f62932f553804eae16c706ceb35aaf16fc2a704791b"},
    {file = "levenshtein-0.27.1-cp312-cp312-musllinux_1_2_i686.whl", hash = "sha256:ec99871d98e517e1cc4a15659c62d6ea63ee5a2d72c5ddbebd7bae8b9e2670c8"},
    {file = "levenshtein-0.27.1-cp312-cp312-musllinux_1_2_ppc64le.whl", hash = "sha256:8799164e1f83588dbdde07f728ea80796ea72196ea23484d78d891470241b222"},
    {file = "levenshtein-0.27.1-cp312-cp312-musllinux_1_2_s390x.whl", hash = "sha256:583943813898326516ab451a83f734c6f07488cda5c361676150d3e3e8b47927"},
    {file = "levenshtein-0.27.1-cp312-cp312-musllinux_1_2_x86_64.whl", hash = "sha256:5bb22956af44bb4eade93546bf95be610c8939b9a9d4d28b2dfa94abf454fed7"},
    {file = "levenshtein-0.27.1-cp312-cp312-win32.whl", hash = "sha256:d9099ed1bcfa7ccc5540e8ad27b5dc6f23d16addcbe21fdd82af6440f4ed2b6d"},
    {file = "levenshtein-0.27.1-cp312-cp312-win_amd64.whl", hash = "sha256:7f071ecdb50aa6c15fd8ae5bcb67e9da46ba1df7bba7c6bf6803a54c7a41fd96"},
    {file = "levenshtein-0.27.1-cp312-cp312-win_arm64.whl", hash = "sha256:83b9033a984ccace7703f35b688f3907d55490182fd39b33a8e434d7b2e249e6"},
    {file = "levenshtein-0.27.1-cp313-cp313-macosx_10_13_x86_64.whl", hash = "sha256:ab00c2cae2889166afb7e1af64af2d4e8c1b126f3902d13ef3740df00e54032d"},
    {file = "levenshtein-0.27.1-cp313-cp313-macosx_11_0_arm64.whl", hash = "sha256:c27e00bc7527e282f7c437817081df8da4eb7054e7ef9055b851fa3947896560"},
    {file = "levenshtein-0.27.1-cp313-cp313-manylinux_2_17_aarch64.manylinux2014_aarch64.whl", hash = "sha256:a5b07de42bfc051136cc8e7f1e7ba2cb73666aa0429930f4218efabfdc5837ad"},
    {file = "levenshtein-0.27.1-cp313-cp313-manylinux_2_17_ppc64le.manylinux2014_ppc64le.whl", hash = "sha256:fb11ad3c9dae3063405aa50d9c96923722ab17bb606c776b6817d70b51fd7e07"},
    {file = "levenshtein-0.27.1-cp313-cp313-manylinux_2_17_s390x.manylinux2014_s390x.whl", hash = "sha256:5c5986fb46cb0c063305fd45b0a79924abf2959a6d984bbac2b511d3ab259f3f"},
    {file = "levenshtein-0.27.1-cp313-cp313-manylinux_2_17_x86_64.manylinux2014_x86_64.whl", hash = "sha256:75191e469269ddef2859bc64c4a8cfd6c9e063302766b5cb7e1e67f38cc7051a"},
    {file = "levenshtein-0.27.1-cp313-cp313-manylinux_2_5_i686.manylinux1_i686.manylinux_2_17_i686.manylinux2014_i686.whl", hash = "sha256:51b3a7b2266933babc04e4d9821a495142eebd6ef709f90e24bc532b52b81385"},
    {file = "levenshtein-0.27.1-cp313-cp313-musllinux_1_2_aarch64.whl", hash = "sha256:bbac509794afc3e2a9e73284c9e3d0aab5b1d928643f42b172969c3eefa1f2a3"},
    {file = "levenshtein-0.27.1-cp313-cp313-musllinux_1_2_i686.whl", hash = "sha256:8d68714785178347ecb272b94e85cbf7e638165895c4dd17ab57e7742d8872ec"},
    {file = "levenshtein-0.27.1-cp313-cp313-musllinux_1_2_ppc64le.whl", hash = "sha256:8ee74ee31a5ab8f61cd6c6c6e9ade4488dde1285f3c12207afc018393c9b8d14"},
    {file = "levenshtein-0.27.1-cp313-cp313-musllinux_1_2_s390x.whl", hash = "sha256:f2441b6365453ec89640b85344afd3d602b0d9972840b693508074c613486ce7"},
    {file = "levenshtein-0.27.1-cp313-cp313-musllinux_1_2_x86_64.whl", hash = "sha256:a9be39640a46d8a0f9be729e641651d16a62b2c07d3f4468c36e1cc66b0183b9"},
    {file = "levenshtein-0.27.1-cp313-cp313-win32.whl", hash = "sha256:a520af67d976761eb6580e7c026a07eb8f74f910f17ce60e98d6e492a1f126c7"},
    {file = "levenshtein-0.27.1-cp313-cp313-win_amd64.whl", hash = "sha256:7dd60aa49c2d8d23e0ef6452c8329029f5d092f386a177e3385d315cabb78f2a"},
    {file = "levenshtein-0.27.1-cp313-cp313-win_arm64.whl", hash = "sha256:149cd4f0baf5884ac5df625b7b0d281721b15de00f447080e38f5188106e1167"},
    {file = "levenshtein-0.27.1-cp39-cp39-macosx_10_9_x86_64.whl", hash = "sha256:0c9231ac7c705a689f12f4fc70286fa698b9c9f06091fcb0daddb245e9259cbe"},
    {file = "levenshtein-0.27.1-cp39-cp39-macosx_11_0_arm64.whl", hash = "sha256:cf9ba080b1a8659d35c11dcfffc7f8c001028c2a3a7b7e6832348cdd60c53329"},
    {file = "levenshtein-0.27.1-cp39-cp39-manylinux_2_17_aarch64.manylinux2014_aarch64.whl", hash = "sha256:164e3184385caca94ef7da49d373edd7fb52d4253bcc5bd5b780213dae307dfb"},
    {file = "levenshtein-0.27.1-cp39-cp39-manylinux_2_17_ppc64le.manylinux2014_ppc64le.whl", hash = "sha256:e6024d67de6efbd32aaaafd964864c7fee0569b960556de326c3619d1eeb2ba4"},
    {file = "levenshtein-0.27.1-cp39-cp39-manylinux_2_17_s390x.manylinux2014_s390x.whl", hash = "sha256:6fbb234b3b04e04f7b3a2f678e24fd873c86c543d541e9df3ac9ec1cc809e732"},
    {file = "levenshtein-0.27.1-cp39-cp39-manylinux_2_17_x86_64.manylinux2014_x86_64.whl", hash = "sha256:ffdd9056c7afb29aea00b85acdb93a3524e43852b934ebb9126c901506d7a1ed"},
    {file = "levenshtein-0.27.1-cp39-cp39-manylinux_2_5_i686.manylinux1_i686.manylinux_2_17_i686.manylinux2014_i686.whl", hash = "sha256:a1a0918243a313f481f4ba6a61f35767c1230395a187caeecf0be87a7c8f0624"},
    {file = "levenshtein-0.27.1-cp39-cp39-musllinux_1_2_aarch64.whl", hash = "sha256:c57655b20690ffa5168df7f4b7c6207c4ca917b700fb1b142a49749eb1cf37bb"},
    {file = "levenshtein-0.27.1-cp39-cp39-musllinux_1_2_i686.whl", hash = "sha256:079cc78de05d3ded6cf1c5e2c3eadeb1232e12d49be7d5824d66c92b28c3555a"},
    {file = "levenshtein-0.27.1-cp39-cp39-musllinux_1_2_ppc64le.whl", hash = "sha256:ac28c4ced134c0fe2941230ce4fd5c423aa66339e735321665fb9ae970f03a32"},
    {file = "levenshtein-0.27.1-cp39-cp39-musllinux_1_2_s390x.whl", hash = "sha256:a2f7688355b22db27588f53c922b4583b8b627c83a8340191bbae1fbbc0f5f56"},
    {file = "levenshtein-0.27.1-cp39-cp39-musllinux_1_2_x86_64.whl", hash = "sha256:654e8f016cb64ad27263d3364c6536e7644205f20d94748c8b94c586e3362a23"},
    {file = "levenshtein-0.27.1-cp39-cp39-win32.whl", hash = "sha256:145e6e8744643a3764fed9ab4ab9d3e2b8e5f05d2bcd0ad7df6f22f27a9fbcd4"},
    {file = "levenshtein-0.27.1-cp39-cp39-win_amd64.whl", hash = "sha256:612f0c90201c318dd113e7e97bd677e6e3e27eb740f242b7ae1a83f13c892b7e"},
    {file = "levenshtein-0.27.1-cp39-cp39-win_arm64.whl", hash = "sha256:cde09ec5b3cc84a6737113b47e45392b331c136a9e8a8ead8626f3eacae936f8"},
    {file = "levenshtein-0.27.1-pp310-pypy310_pp73-macosx_10_15_x86_64.whl", hash = "sha256:c92a222ab95b8d903eae6d5e7d51fe6c999be021b647715c18d04d0b0880f463"},
    {file = "levenshtein-0.27.1-pp310-pypy310_pp73-macosx_11_0_arm64.whl", hash = "sha256:71afc36b4ee950fa1140aff22ffda9e5e23280285858e1303260dbb2eabf342d"},
    {file = "levenshtein-0.27.1-pp310-pypy310_pp73-manylinux_2_17_aarch64.manylinux2014_aarch64.whl", hash = "sha256:58b1daeebfc148a571f09cfe18c16911ea1eaaa9e51065c5f7e7acbc4b866afa"},
    {file = "levenshtein-0.27.1-pp310-pypy310_pp73-manylinux_2_17_x86_64.manylinux2014_x86_64.whl", hash = "sha256:105edcb14797d95c77f69bad23104314715a64cafbf4b0e79d354a33d7b54d8d"},
    {file = "levenshtein-0.27.1-pp310-pypy310_pp73-manylinux_2_5_i686.manylinux1_i686.manylinux_2_17_i686.manylinux2014_i686.whl", hash = "sha256:d9c58fb1ef8bdc8773d705fbacf628e12c3bb63ee4d065dda18a76e86042444a"},
    {file = "levenshtein-0.27.1-pp310-pypy310_pp73-win_amd64.whl", hash = "sha256:e52270591854af67217103955a36bd7436b57c801e3354e73ba44d689ed93697"},
    {file = "levenshtein-0.27.1-pp311-pypy311_pp73-macosx_10_15_x86_64.whl", hash = "sha256:909b7b6bce27a4ec90576c9a9bd9af5a41308dfecf364b410e80b58038277bbe"},
    {file = "levenshtein-0.27.1-pp311-pypy311_pp73-macosx_11_0_arm64.whl", hash = "sha256:d193a7f97b8c6a350e36ec58e41a627c06fa4157c3ce4b2b11d90cfc3c2ebb8f"},
    {file = "levenshtein-0.27.1-pp311-pypy311_pp73-manylinux_2_17_aarch64.manylinux2014_aarch64.whl", hash = "sha256:614be316e3c06118705fae1f717f9072d35108e5fd4e66a7dd0e80356135340b"},
    {file = "levenshtein-0.27.1-pp311-pypy311_pp73-manylinux_2_17_x86_64.manylinux2014_x86_64.whl", hash = "sha256:31fc0a5bb070722bdabb6f7e14955a294a4a968c68202d294699817f21545d22"},
    {file = "levenshtein-0.27.1-pp311-pypy311_pp73-manylinux_2_5_i686.manylinux1_i686.manylinux_2_17_i686.manylinux2014_i686.whl", hash = "sha256:9415aa5257227af543be65768a80c7a75e266c3c818468ce6914812f88f9c3df"},
    {file = "levenshtein-0.27.1-pp311-pypy311_pp73-win_amd64.whl", hash = "sha256:7987ef006a3cf56a4532bd4c90c2d3b7b4ca9ad3bf8ae1ee5713c4a3bdfda913"},
    {file = "levenshtein-0.27.1-pp39-pypy39_pp73-macosx_10_15_x86_64.whl", hash = "sha256:e67750653459a8567b5bb10e56e7069b83428d42ff5f306be821ef033b92d1a8"},
    {file = "levenshtein-0.27.1-pp39-pypy39_pp73-macosx_11_0_arm64.whl", hash = "sha256:93344c2c3812f21fdc46bd9e57171684fc53dd107dae2f648d65ea6225d5ceaf"},
    {file = "levenshtein-0.27.1-pp39-pypy39_pp73-manylinux_2_17_aarch64.manylinux2014_aarch64.whl", hash = "sha256:da4baef7e7460691006dd2ca6b9e371aecf135130f72fddfe1620ae740b68d94"},
    {file = "levenshtein-0.27.1-pp39-pypy39_pp73-manylinux_2_17_x86_64.manylinux2014_x86_64.whl", hash = "sha256:8141c8e5bf2bd76ae214c348ba382045d7ed9d0e7ce060a36fc59c6af4b41d48"},
    {file = "levenshtein-0.27.1-pp39-pypy39_pp73-manylinux_2_5_i686.manylinux1_i686.manylinux_2_17_i686.manylinux2014_i686.whl", hash = "sha256:773aa120be48c71e25c08d92a2108786e6537a24081049664463715926c76b86"},
    {file = "levenshtein-0.27.1-pp39-pypy39_pp73-win_amd64.whl", hash = "sha256:f12a99138fb09eb5606ab9de61dd234dd82a7babba8f227b5dce0e3ae3a9eaf4"},
    {file = "levenshtein-0.27.1.tar.gz", hash = "sha256:3e18b73564cfc846eec94dd13fab6cb006b5d2e0cc56bad1fd7d5585881302e3"},
]

[package.dependencies]
rapidfuzz = ">=3.9.0,<4.0.0"

[[package]]
name = "prompt-toolkit"
version = "3.0.52"
description = "Library for building powerful interactive command lines in Python"
optional = false
python-versions = ">=3.8"
files = [
    {file = "prompt_toolkit-3.0.52-py3-none-any.whl", hash = "sha256:9aac639a3bbd33284347de5ad8d68ecc044b91a762dc39b7c21095fcd6a19955"},
    {file = "prompt_toolkit-3.0.52.tar.gz", hash = "sha256:28cde192929c8e7321de85de1ddbe736f1375148b02f2e17edd840042b1be855"},
]

[package.dependencies]
wcwidth = "*"

[[package]]
name = "python-levenshtein"
version = "0.27.1"
description = "Python extension for computing string edit distances and similarities."
optional = false
python-versions = ">=3.9"
files = [
    {file = "python_levenshtein-0.27.1-py3-none-any.whl", hash = "sha256:e1a4bc2a70284b2ebc4c505646142fecd0f831e49aa04ed972995895aec57396"},
    {file = "python_levenshtein-0.27.1.tar.gz", hash = "sha256:3a5314a011016d373d309a68e875fd029caaa692ad3f32e78319299648045f11"},
]

[package.dependencies]
Levenshtein = "0.27.1"

[[package]]
name = "questionary"
version = "2.1.1"
description = "Python library to build pretty command line user prompts ⭐️"
optional = false
python-versions = ">=3.9"
files = [
    {file = "questionary-2.1.1-py3-none-any.whl", hash = "sha256:a51af13f345f1cdea62347589fbb6df3b290306ab8930713bfae4d475a7d4a59"},
    {file = "questionary-2.1.1.tar.gz", hash = "sha256:3d7e980292bb0107abaa79c68dd3eee3c561b83a0f89ae482860b181c8bd412d"},
]

[package.dependencies]
prompt_toolkit = ">=2.0,<4.0"

[[package]]
name = "rapidfuzz"
version = "3.14.1"
description = "rapid fuzzy string matching"
optional = false
python-versions = ">=3.10"
files = [
    {file = "rapidfuzz-3.14.1-cp310-cp310-macosx_10_9_x86_64.whl", hash = "sha256:489440e4b5eea0d150a31076eb183bed0ec84f934df206c72ae4fc3424501758"},
    {file = "rapidfuzz-3.14.1-cp310-cp310-macosx_11_0_arm64.whl", hash = "sha256:eff22cc938c3f74d194df03790a6c3325d213b28cf65cdefd6fdeae759b745d5"},
    {file = "rapidfuzz-3.14.1-cp310-cp310-manylinux_2_26_aarch64.manylinux_2_28_aarch64.whl", hash = "sha256:e0307f018b16feaa36074bcec2496f6f120af151a098910296e72e233232a62f"},
    {file = "rapidfuzz-3.14.1-cp310-cp310-manylinux_2_26_ppc64le.manylinux_2_28_ppc64le.whl", hash = "sha256:bc133652da143aca1ab72de235446432888b2b7f44ee332d006f8207967ecb8a"},
    {file = "rapidfuzz-3.14.1-cp310-cp310-manylinux_2_26_s390x.manylinux_2_28_s390x.whl", hash = "sha256:e9e71b3fe7e4a1590843389a90fe2a8684649fc74b9b7446e17ee504ddddb7de"},
    {file = "rapidfuzz-3.14.1-cp310-cp310-manylinux_2_27_x86_64.manylinux_2_28_x86_64.whl", hash = "sha256:6c51519eb2f20b52eba6fc7d857ae94acc6c2a1f5d0f2d794b9d4977cdc29dd7"},
    {file = "rapidfuzz-3.14.1-cp310-cp310-manylinux_2_31_armv7l.whl", hash = "sha256:fe87d94602624f8f25fff9a0a7b47f33756c4d9fc32b6d3308bb142aa483b8a4"},
    {file = "rapidfuzz-3.14.1-cp310-cp310-musllinux_1_2_aarch64.whl", hash = "sha256:2d665380503a575dda52eb712ea521f789e8f8fd629c7a8e6c0f8ff480febc78"},
    {file = "rapidfuzz-3.14.1-cp310-cp310-musllinux_1_2_armv7l.whl", hash = "sha256:c0f0dd022b8a7cbf3c891f6de96a80ab6a426f1069a085327816cea749e096c2"},
    {file = "rapidfuzz-3.14.1-cp310-cp310-musllinux_1_2_ppc64le.whl", hash = "sha256:bf1ba22d36858b265c95cd774ba7fe8991e80a99cd86fe4f388605b01aee81a3"},
    {file = "rapidfuzz-3.14.1-cp310-cp310-musllinux_1_2_s390x.whl", hash = "sha256:ca1c1494ac9f9386d37f0e50cbaf4d07d184903aed7691549df1b37e9616edc9"},
    {file = "rapidfuzz-3.14.1-cp310-cp310-musllinux_1_2_x86_64.whl", hash = "sha256:9e4b12e921b0fa90d7c2248742a536f21eae5562174090b83edd0b4ab8b557d7"},
    {file = "rapidfuzz-3.14.1-cp310-cp310-win32.whl", hash = "sha256:5e1c1f2292baa4049535b07e9e81feb29e3650d2ba35ee491e64aca7ae4cb15e"},
    {file = "rapidfuzz-3.14.1-cp310-cp310-win_amd64.whl", hash = "sha256:59a8694beb9a13c4090ab3d1712cabbd896c6949706d1364e2a2e1713c413760"},
    {file = "rapidfuzz-3.14.1-cp310-cp310-win_arm64.whl", hash = "sha256:e94cee93faa792572c574a615abe12912124b4ffcf55876b72312914ab663345"},
    {file = "rapidfuzz-3.14.1-cp311-cp311-macosx_10_9_x86_64.whl", hash = "sha256:4d976701060886a791c8a9260b1d4139d14c1f1e9a6ab6116b45a1acf3baff67"},
    {file = "rapidfuzz-3.14.1-cp311-cp311-macosx_11_0_arm64.whl", hash = "sha256:5e6ba7e6eb2ab03870dcab441d707513db0b4264c12fba7b703e90e8b4296df2"},
    {file = "rapidfuzz-3.14.1-cp311-cp311-manylinux_2_26_aarch64.manylinux_2_28_aarch64.whl", hash = "sha256:1e532bf46de5fd3a1efde73a16a4d231d011bce401c72abe3c6ecf9de681003f"},
    {file = "rapidfuzz-3.14.1-cp311-cp311-manylinux_2_26_ppc64le.manylinux_2_28_ppc64le.whl", hash = "sha256:f9b6a6fb8ed9b951e5f3b82c1ce6b1665308ec1a0da87f799b16e24fc59e4662"},
    {file = "rapidfuzz-3.14.1-cp311-cp311-manylinux_2_26_s390x.manylinux_2_28_s390x.whl", hash = "sha256:5b6ac3f9810949caef0e63380b11a3c32a92f26bacb9ced5e32c33560fcdf8d1"},
    {file = "rapidfuzz-3.14.1-cp311-cp311-manylinux_2_27_x86_64.manylinux_2_28_x86_64.whl", hash = "sha256:e52e4c34fd567f77513e886b66029c1ae02f094380d10eba18ba1c68a46d8b90"},
    {file = "rapidfuzz-3.14.1-cp311-cp311-manylinux_2_31_armv7l.whl", hash = "sha256:2ef72e41b1a110149f25b14637f1cedea6df192462120bea3433980fe9d8ac05"},
    {file = "rapidfuzz-3.14.1-cp311-cp311-musllinux_1_2_aarch64.whl", hash = "sha256:fb654a35b373d712a6b0aa2a496b2b5cdd9d32410cfbaecc402d7424a90ba72a"},
    {file = "rapidfuzz-3.14.1-cp311-cp311-musllinux_1_2_armv7l.whl", hash = "sha256:2b2c12e5b9eb8fe9a51b92fe69e9ca362c0970e960268188a6d295e1dec91e6d"},
    {file = "rapidfuzz-3.14.1-cp311-cp311-musllinux_1_2_ppc64le.whl", hash = "sha256:4f069dec5c450bd987481e752f0a9979e8fdf8e21e5307f5058f5c4bb162fa56"},
    {file = "rapidfuzz-3.14.1-cp311-cp311-musllinux_1_2_s390x.whl", hash = "sha256:4d0d9163725b7ad37a8c46988cae9ebab255984db95ad01bf1987ceb9e3058dd"},
    {file = "rapidfuzz-3.14.1-cp311-cp311-musllinux_1_2_x86_64.whl", hash = "sha256:db656884b20b213d846f6bc990c053d1f4a60e6d4357f7211775b02092784ca1"},
    {file = "rapidfuzz-3.14.1-cp311-cp311-win32.whl", hash = "sha256:4b42f7b9c58cbcfbfaddc5a6278b4ca3b6cd8983e7fd6af70ca791dff7105fb9"},
    {file = "rapidfuzz-3.14.1-cp311-cp311-win_amd64.whl", hash = "sha256:e5847f30d7d4edefe0cb37294d956d3495dd127c1c56e9128af3c2258a520bb4"},
    {file = "rapidfuzz-3.14.1-cp311-cp311-win_arm64.whl", hash = "sha256:5087d8ad453092d80c042a08919b1cb20c8ad6047d772dc9312acd834da00f75"},
    {file = "rapidfuzz-3.14.1-cp312-cp312-macosx_10_13_x86_64.whl", hash = "sha256:809515194f628004aac1b1b280c3734c5ea0ccbd45938c9c9656a23ae8b8f553"},
    {file = "rapidfuzz-3.14.1-cp312-cp312-macosx_11_0_arm64.whl", hash = "sha256:0afcf2d6cb633d0d4260d8df6a40de2d9c93e9546e2c6b317ab03f89aa120ad7"},
    {file = "rapidfuzz-3.14.1-cp312-cp312-manylinux_2_26_aarch64.manylinux_2_28_aarch64.whl", hash = "sha256:5c1c3d07d53dcafee10599da8988d2b1f39df236aee501ecbd617bd883454fcd"},
    {file = "rapidfuzz-3.14.1-cp312-cp312-manylinux_2_26_ppc64le.manylinux_2_28_ppc64le.whl", hash = "sha256:6e9ee3e1eb0a027717ee72fe34dc9ac5b3e58119f1bd8dd15bc19ed54ae3e62b"},
    {file = "rapidfuzz-3.14.1-cp312-cp312-manylinux_2_26_s390x.manylinux_2_28_s390x.whl", hash = "sha256:70c845b64a033a20c44ed26bc890eeb851215148cc3e696499f5f65529afb6cb"},
    {file = "rapidfuzz-3.14.1-cp312-cp312-manylinux_2_27_x86_64.manylinux_2_28_x86_64.whl", hash = "sha256:26db0e815213d04234298dea0d884d92b9cb8d4ba954cab7cf67a35853128a33"},
    {file = "rapidfuzz-3.14.1-cp312-cp312-manylinux_2_31_armv7l.whl", hash = "sha256:6ad3395a416f8b126ff11c788531f157c7debeb626f9d897c153ff8980da10fb"},
    {file = "rapidfuzz-3.14.1-cp312-cp312-musllinux_1_2_aarch64.whl", hash = "sha256:61c5b9ab6f730e6478aa2def566223712d121c6f69a94c7cc002044799442afd"},
    {file = "rapidfuzz-3.14.1-cp312-cp312-musllinux_1_2_armv7l.whl", hash = "sha256:13e0ea3d0c533969158727d1bb7a08c2cc9a816ab83f8f0dcfde7e38938ce3e6"},
    {file = "rapidfuzz-3.14.1-cp312-cp312-musllinux_1_2_ppc64le.whl", hash = "sha256:6325ca435b99f4001aac919ab8922ac464999b100173317defb83eae34e82139"},
    {file = "rapidfuzz-3.14.1-cp312-cp312-musllinux_1_2_s390x.whl", hash = "sha256:07a9fad3247e68798424bdc116c1094e88ecfabc17b29edf42a777520347648e"},
    {file = "rapidfuzz-3.14.1-cp312-cp312-musllinux_1_2_x86_64.whl", hash = "sha256:f8ff5dbe78db0a10c1f916368e21d328935896240f71f721e073cf6c4c8cdedd"},
    {file = "rapidfuzz-3.14.1-cp312-cp312-win32.whl", hash = "sha256:9c83270e44a6ae7a39fc1d7e72a27486bccc1fa5f34e01572b1b90b019e6b566"},
    {file = "rapidfuzz-3.14.1-cp312-cp312-win_amd64.whl", hash = "sha256:e06664c7fdb51c708e082df08a6888fce4c5c416d7e3cc2fa66dd80eb76a149d"},
    {file = "rapidfuzz-3.14.1-cp312-cp312-win_arm64.whl", hash = "sha256:6c7c26025f7934a169a23dafea6807cfc3fb556f1dd49229faf2171e5d8101cc"},
    {file = "rapidfuzz-3.14.1-cp313-cp313-macosx_10_13_x86_64.whl", hash = "sha256:8d69f470d63ee824132ecd80b1974e1d15dd9df5193916901d7860cef081a260"},
    {file = "rapidfuzz-3.14.1-cp313-cp313-macosx_11_0_arm64.whl", hash = "sha256:6f571d20152fc4833b7b5e781b36d5e4f31f3b5a596a3d53cf66a1bd4436b4f4"},
    {file = "rapidfuzz-3.14.1-cp313-cp313-manylinux_2_26_aarch64.manylinux_2_28_aarch64.whl", hash = "sha256:61d77e09b2b6bc38228f53b9ea7972a00722a14a6048be9a3672fb5cb08bad3a"},
    {file = "rapidfuzz-3.14.1-cp313-cp313-manylinux_2_26_ppc64le.manylinux_2_28_ppc64le.whl", hash = "sha256:8b41d95ef86a6295d353dc3bb6c80550665ba2c3bef3a9feab46074d12a9af8f"},
    {file = "rapidfuzz-3.14.1-cp313-cp313-manylinux_2_26_s390x.manylinux_2_28_s390x.whl", hash = "sha256:0591df2e856ad583644b40a2b99fb522f93543c65e64b771241dda6d1cfdc96b"},
    {file = "rapidfuzz-3.14.1-cp313-cp313-manylinux_2_27_x86_64.manylinux_2_28_x86_64.whl", hash = "sha256:f277801f55b2f3923ef2de51ab94689a0671a4524bf7b611de979f308a54cd6f"},
    {file = "rapidfuzz-3.14.1-cp313-cp313-manylinux_2_31_armv7l.whl", hash = "sha256:893fdfd4f66ebb67f33da89eb1bd1674b7b30442fdee84db87f6cb9074bf0ce9"},
    {file = "rapidfuzz-3.14.1-cp313-cp313-musllinux_1_2_aarch64.whl", hash = "sha256:fe2651258c1f1afa9b66f44bf82f639d5f83034f9804877a1bbbae2120539ad1"},
    {file = "rapidfuzz-3.14.1-cp313-cp313-musllinux_1_2_armv7l.whl", hash = "sha256:ace21f7a78519d8e889b1240489cd021c5355c496cb151b479b741a4c27f0a25"},
    {file = "rapidfuzz-3.14.1-cp313-cp313-musllinux_1_2_ppc64le.whl", hash = "sha256:cb5acf24590bc5e57027283b015950d713f9e4d155fda5cfa71adef3b3a84502"},
    {file = "rapidfuzz-3.14.1-cp313-cp313-musllinux_1_2_s390x.whl", hash = "sha256:67ea46fa8cc78174bad09d66b9a4b98d3068e85de677e3c71ed931a1de28171f"},
    {file = "rapidfuzz-3.14.1-cp313-cp313-musllinux_1_2_x86_64.whl", hash = "sha256:44e741d785de57d1a7bae03599c1cbc7335d0b060a35e60c44c382566e22782e"},
    {file = "rapidfuzz-3.14.1-cp313-cp313-win32.whl", hash = "sha256:b1fe6001baa9fa36bcb565e24e88830718f6c90896b91ceffcb48881e3adddbc"},
    {file = "rapidfuzz-3.14.1-cp313-cp313-win_amd64.whl", hash = "sha256:83b8cc6336709fa5db0579189bfd125df280a554af544b2dc1c7da9cdad7e44d"},
    {file = "rapidfuzz-3.14.1-cp313-cp313-win_arm64.whl", hash = "sha256:cf75769662eadf5f9bd24e865c19e5ca7718e879273dce4e7b3b5824c4da0eb4"},
    {file = "rapidfuzz-3.14.1-cp313-cp313t-macosx_10_13_x86_64.whl", hash = "sha256:d937dbeda71c921ef6537c6d41a84f1b8112f107589c9977059de57a1d726dd6"},
    {file = "rapidfuzz-3.14.1-cp313-cp313t-macosx_11_0_arm64.whl", hash = "sha256:7a2d80cc1a4fcc7e259ed4f505e70b36433a63fa251f1bb69ff279fe376c5efd"},
    {file = "rapidfuzz-3.14.1-cp313-cp313t-win32.whl", hash = "sha256:40875e0c06f1a388f1cab3885744f847b557e0b1642dfc31ff02039f9f0823ef"},
    {file = "rapidfuzz-3.14.1-cp313-cp313t-win_amd64.whl", hash = "sha256:876dc0c15552f3d704d7fb8d61bdffc872ff63bedf683568d6faad32e51bbce8"},
    {file = "rapidfuzz-3.14.1-cp313-cp313t-win_arm64.whl", hash = "sha256:61458e83b0b3e2abc3391d0953c47d6325e506ba44d6a25c869c4401b3bc222c"},
    {file = "rapidfuzz-3.14.1-cp314-cp314-macosx_10_13_x86_64.whl", hash = "sha256:e84d9a844dc2e4d5c4cabd14c096374ead006583304333c14a6fbde51f612a44"},
    {file = "rapidfuzz-3.14.1-cp314-cp314-macosx_11_0_arm64.whl", hash = "sha256:40301b93b99350edcd02dbb22e37ca5f2a75d0db822e9b3c522da451a93d6f27"},
    {file = "rapidfuzz-3.14.1-cp314-cp314-manylinux_2_26_aarch64.manylinux_2_28_aarch64.whl", hash = "sha256:fedd5097a44808dddf341466866e5c57a18a19a336565b4ff50aa8f09eb528f6"},
    {file = "rapidfuzz-3.14.1-cp314-cp314-manylinux_2_26_ppc64le.manylinux_2_28_ppc64le.whl", hash = "sha256:2e3e61c9e80d8c26709d8aa5c51fdd25139c81a4ab463895f8a567f8347b0548"},
    {file = "rapidfuzz-3.14.1-cp314-cp314-manylinux_2_26_s390x.manylinux_2_28_s390x.whl", hash = "sha256:da011a373722fac6e64687297a1d17dc8461b82cb12c437845d5a5b161bc24b9"},
    {file = "rapidfuzz-3.14.1-cp314-cp314-manylinux_2_27_x86_64.manylinux_2_28_x86_64.whl", hash = "sha256:5967d571243cfb9ad3710e6e628ab68c421a237b76e24a67ac22ee0ff12784d6"},
    {file = "rapidfuzz-3.14.1-cp314-cp314-manylinux_2_31_armv7l.whl", hash = "sha256:474f416cbb9099676de54aa41944c154ba8d25033ee460f87bb23e54af6d01c9"},
    {file = "rapidfuzz-3.14.1-cp314-cp314-musllinux_1_2_aarch64.whl", hash = "sha256:ae2d57464b59297f727c4e201ea99ec7b13935f1f056c753e8103da3f2fc2404"},
    {file = "rapidfuzz-3.14.1-cp314-cp314-musllinux_1_2_armv7l.whl", hash = "sha256:57047493a1f62f11354c7143c380b02f1b355c52733e6b03adb1cb0fe8fb8816"},
    {file = "rapidfuzz-3.14.1-cp314-cp314-musllinux_1_2_ppc64le.whl", hash = "sha256:4acc20776f225ee37d69517a237c090b9fa7e0836a0b8bc58868e9168ba6ef6f"},
    {file = "rapidfuzz-3.14.1-cp314-cp314-musllinux_1_2_s390x.whl", hash = "sha256:4373f914ff524ee0146919dea96a40a8200ab157e5a15e777a74a769f73d8a4a"},
    {file = "rapidfuzz-3.14.1-cp314-cp314-musllinux_1_2_x86_64.whl", hash = "sha256:37017b84953927807847016620d61251fe236bd4bcb25e27b6133d955bb9cafb"},
    {file = "rapidfuzz-3.14.1-cp314-cp314-win32.whl", hash = "sha256:c8d1dd1146539e093b84d0805e8951475644af794ace81d957ca612e3eb31598"},
    {file = "rapidfuzz-3.14.1-cp314-cp314-win_amd64.whl", hash = "sha256:f51c7571295ea97387bac4f048d73cecce51222be78ed808263b45c79c40a440"},
    {file = "rapidfuzz-3.14.1-cp314-cp314-win_arm64.whl", hash = "sha256:01eab10ec90912d7d28b3f08f6c91adbaf93458a53f849ff70776ecd70dd7a7a"},
    {file = "rapidfuzz-3.14.1-cp314-cp314t-macosx_10_13_x86_64.whl", hash = "sha256:60879fcae2f7618403c4c746a9a3eec89327d73148fb6e89a933b78442ff0669"},
    {file = "rapidfuzz-3.14.1-cp314-cp314t-macosx_11_0_arm64.whl", hash = "sha256:f94d61e44db3fc95a74006a394257af90fa6e826c900a501d749979ff495d702"},
    {file = "rapidfuzz-3.14.1-cp314-cp314t-win32.whl", hash = "sha256:93b6294a3ffab32a9b5f9b5ca048fa0474998e7e8bb0f2d2b5e819c64cb71ec7"},
    {file = "rapidfuzz-3.14.1-cp314-cp314t-win_amd64.whl", hash = "sha256:6cb56b695421538fdbe2c0c85888b991d833b8637d2f2b41faa79cea7234c000"},
    {file = "rapidfuzz-3.14.1-cp314-cp314t-win_arm64.whl", hash = "sha256:7cd312c380d3ce9d35c3ec9726b75eee9da50e8a38e89e229a03db2262d3d96b"},
    {file = "rapidfuzz-3.14.1-pp310-pypy310_pp73-macosx_10_15_x86_64.whl", hash = "sha256:673ce55a9be5b772dade911909e42382c0828b8a50ed7f9168763fa6b9f7054d"},
    {file = "rapidfuzz-3.14.1-pp310-pypy310_pp73-macosx_11_0_arm64.whl", hash = "sha256:45c62ada1980ebf4c64c4253993cc8daa018c63163f91db63bb3af69cb74c2e3"},
    {file = "rapidfuzz-3.14.1-pp310-pypy310_pp73-win_amd64.whl", hash = "sha256:4d51efb29c0df0d4f7f64f672a7624c2146527f0745e3572098d753676538800"},
    {file = "rapidfuzz-3.14.1-pp311-pypy311_pp73-macosx_10_15_x86_64.whl", hash = "sha256:4a21ccdf1bd7d57a1009030527ba8fae1c74bf832d0a08f6b67de8f5c506c96f"},
    {file = "rapidfuzz-3.14.1-pp311-pypy311_pp73-macosx_11_0_arm64.whl", hash = "sha256:589fb0af91d3aff318750539c832ea1100dbac2c842fde24e42261df443845f6"},
    {file = "rapidfuzz-3.14.1-pp311-pypy311_pp73-win_amd64.whl", hash = "sha256:a4f18092db4825f2517d135445015b40033ed809a41754918a03ef062abe88a0"},
    {file = "rapidfuzz-3.14.1.tar.gz", hash = "sha256:b02850e7f7152bd1edff27e9d584505b84968cacedee7a734ec4050c655a803c"},
]

[package.extras]
all = ["numpy"]

[[package]]
name = "wcwidth"
version = "0.2.14"
description = "Measures the displayed width of unicode strings in a terminal"
optional = false
python-versions = ">=3.6"
files = [
    {file = "wcwidth-0.2.14-py2.py3-none-any.whl", hash = "sha256:a7bb560c8aee30f9957e5f9895805edd20602f2d7f720186dfd906e82b4982e1"},
    {file = "wcwidth-0.2.14.tar.gz", hash = "sha256:4d478375d31bc5395a3c55c40ccdf3354688364cd61c4f6adacaa9215d0b3605"},
]

[metadata]
lock-version = "2.0"
python-versions = "^3.12"
content-hash = "3669d6ef541ba73098fe577cdcd0d40b4d92e2b9cf83d1d8279cb903587e4ce3"
